{
  "lib/forge-std": {
    "branch": {
      "name": "master",
      "rev": "26048ab55c64519ce21e032fdb49df1d5a2a7eb4"
    }
  },
  "lib/openzeppelin-contracts": {
    "branch": {
      "name": "release-v4.6",
      "rev": "a7818b49a481e867230d4fa49d106bd304c5d95d"
    }
  },
  "lib/solidity-bytes-utils": {
    "branch": {
      "name": "master",
      "rev": "fc502455bb2a7e26a743378df042612dd50d1eb9"
    }
  }
}