{
  "lib/forge-std": {
    "branch": {
      "name": "master",
      "rev": "17d2404f29436e3d85ef81da9ce31498ae7d2455"
    }
  },
  "lib/openzeppelin-contracts": {
    "branch": {
      "name": "release-v4.6",
      "rev": "a7818b49a481e867230d4fa49d106bd304c5d95d"
    }
  },
  "lib/solidity-bytes-utils": {
    "branch": {
      "name": "master",
      "rev": "fc502455bb2a7e26a743378df042612dd50d1eb9"
    }
  }
}