{
  "lib/forge-std": {
    "branch": {
      "name": "master",
      "rev": "f5495c9b993bfc6e79dd52adfdcb7dac0a1da918"
    }
  },
  "lib/openzeppelin-contracts": {
    "branch": {
      "name": "release-v4.6",
      "rev": "a7818b49a481e867230d4fa49d106bd304c5d95d"
    }
  },
  "lib/solidity-bytes-utils": {
    "branch": {
      "name": "master",
      "rev": "fc502455bb2a7e26a743378df042612dd50d1eb9"
    }
  }
}